
Microsoft Visual Studio Solution File, Format Version 12.00
# Visual Studio 15
VisualStudioVersion = 15.0.26228.4
MinimumVisualStudioVersion = 10.0.40219.1
Project("{FAE04EC0-301F-11D3-BF4B-00C04F79EFBC}") = "ProjectManagementAPI", "ProjectManagementAPI\ProjectManagementAPI.csproj", "{08E3EFD5-C625-468C-8911-1788A202B595}"
EndProject
Project("{FAE04EC0-301F-11D3-BF4B-00C04F79EFBC}") = "ProjectManagementAPI.Tests", "ProjectManagementAPI.Tests\ProjectManagementAPI.Tests.csproj", "{A803046B-1FC8-4A30-A5CB-D3A22DE36A12}"
EndProject
Global
	GlobalSection(SolutionConfigurationPlatforms) = preSolution
		Debug|Any CPU = Debug|Any CPU
		Release|Any CPU = Release|Any CPU
	EndGlobalSection
	GlobalSection(ProjectConfigurationPlatforms) = postSolution
		{08E3EFD5-C625-468C-8911-1788A202B595}.Debug|Any CPU.ActiveCfg = Debug|Any CPU
		{08E3EFD5-C625-468C-8911-1788A202B595}.Debug|Any CPU.Build.0 = Debug|Any CPU
		{08E3EFD5-C625-468C-8911-1788A202B595}.Release|Any CPU.ActiveCfg = Release|Any CPU
		{08E3EFD5-C625-468C-8911-1788A202B595}.Release|Any CPU.Build.0 = Release|Any CPU
		{A803046B-1FC8-4A30-A5CB-D3A22DE36A12}.Debug|Any CPU.ActiveCfg = Debug|Any CPU
		{A803046B-1FC8-4A30-A5CB-D3A22DE36A12}.Debug|Any CPU.Build.0 = Debug|Any CPU
		{A803046B-1FC8-4A30-A5CB-D3A22DE36A12}.Release|Any CPU.ActiveCfg = Release|Any CPU
		{A803046B-1FC8-4A30-A5CB-D3A22DE36A12}.Release|Any CPU.Build.0 = Release|Any CPU
	EndGlobalSection
	GlobalSection(SolutionProperties) = preSolution
		HideSolutionNode = FALSE
	EndGlobalSection
EndGlobal
